
Microsoft Visual Studio Solution File, Format Version 12.00
Project("{FAE04EC0-301F-11D3-BF4B-00C04F79EFBC}") = "Unidad4PozzerOteroNaranjoSosaTis", "Unidad4PozzerOteroNaranjoSosaTis\Unidad4PozzerOteroNaranjoSosaTis.csproj", "{AAB01D69-8718-4ECA-A754-989AB137C8E3}"
EndProject
Global
	GlobalSection(SolutionConfigurationPlatforms) = preSolution
		Debug|Any CPU = Debug|Any CPU
		Release|Any CPU = Release|Any CPU
	EndGlobalSection
	GlobalSection(ProjectConfigurationPlatforms) = postSolution
		{AAB01D69-8718-4ECA-A754-989AB137C8E3}.Debug|Any CPU.ActiveCfg = Debug|Any CPU
		{AAB01D69-8718-4ECA-A754-989AB137C8E3}.Debug|Any CPU.Build.0 = Debug|Any CPU
		{AAB01D69-8718-4ECA-A754-989AB137C8E3}.Release|Any CPU.ActiveCfg = Release|Any CPU
		{AAB01D69-8718-4ECA-A754-989AB137C8E3}.Release|Any CPU.Build.0 = Release|Any CPU
	EndGlobalSection
EndGlobal
